
Microsoft Visual Studio Solution File, Format Version 12.00
# Visual Studio 2012
Project("{FAE04EC0-301F-11D3-BF4B-00C04F79EFBC}") = "RecipeMangager", "RecipeMangager\RecipeMangager.csproj", "{29FE2635-6082-4D47-B026-2386A2F393B7}"
EndProject
Project("{FAE04EC0-301F-11D3-BF4B-00C04F79EFBC}") = "RecipeMangager.iOS", "iOS\RecipeMangager.iOS.csproj", "{D2D9B949-C466-428B-991C-4F259268A6DE}"
EndProject
Project("{FAE04EC0-301F-11D3-BF4B-00C04F79EFBC}") = "RecipeMangager.Droid", "Droid\RecipeMangager.Droid.csproj", "{88F13B3C-2170-47EE-A979-37CCFCC163D9}"
EndProject
Global
	GlobalSection(SolutionConfigurationPlatforms) = preSolution
		Debug|Any CPU = Debug|Any CPU
		Release|Any CPU = Release|Any CPU
		Debug|iPhoneSimulator = Debug|iPhoneSimulator
		Release|iPhone = Release|iPhone
		Release|iPhoneSimulator = Release|iPhoneSimulator
		Debug|iPhone = Debug|iPhone
	EndGlobalSection
	GlobalSection(ProjectConfigurationPlatforms) = postSolution
		{29FE2635-6082-4D47-B026-2386A2F393B7}.Debug|Any CPU.ActiveCfg = Debug|Any CPU
		{29FE2635-6082-4D47-B026-2386A2F393B7}.Debug|Any CPU.Build.0 = Debug|Any CPU
		{29FE2635-6082-4D47-B026-2386A2F393B7}.Release|Any CPU.ActiveCfg = Release|Any CPU
		{29FE2635-6082-4D47-B026-2386A2F393B7}.Release|Any CPU.Build.0 = Release|Any CPU
		{29FE2635-6082-4D47-B026-2386A2F393B7}.Debug|iPhoneSimulator.ActiveCfg = Debug|Any CPU
		{29FE2635-6082-4D47-B026-2386A2F393B7}.Debug|iPhoneSimulator.Build.0 = Debug|Any CPU
		{29FE2635-6082-4D47-B026-2386A2F393B7}.Release|iPhone.ActiveCfg = Release|Any CPU
		{29FE2635-6082-4D47-B026-2386A2F393B7}.Release|iPhone.Build.0 = Release|Any CPU
		{29FE2635-6082-4D47-B026-2386A2F393B7}.Release|iPhoneSimulator.ActiveCfg = Release|Any CPU
		{29FE2635-6082-4D47-B026-2386A2F393B7}.Release|iPhoneSimulator.Build.0 = Release|Any CPU
		{29FE2635-6082-4D47-B026-2386A2F393B7}.Debug|iPhone.ActiveCfg = Debug|Any CPU
		{29FE2635-6082-4D47-B026-2386A2F393B7}.Debug|iPhone.Build.0 = Debug|Any CPU
		{D2D9B949-C466-428B-991C-4F259268A6DE}.Debug|Any CPU.ActiveCfg = Debug|iPhoneSimulator
		{D2D9B949-C466-428B-991C-4F259268A6DE}.Debug|Any CPU.Build.0 = Debug|iPhoneSimulator
		{D2D9B949-C466-428B-991C-4F259268A6DE}.Release|Any CPU.ActiveCfg = Release|iPhone
		{D2D9B949-C466-428B-991C-4F259268A6DE}.Release|Any CPU.Build.0 = Release|iPhone
		{D2D9B949-C466-428B-991C-4F259268A6DE}.Debug|iPhoneSimulator.ActiveCfg = Debug|iPhoneSimulator
		{D2D9B949-C466-428B-991C-4F259268A6DE}.Debug|iPhoneSimulator.Build.0 = Debug|iPhoneSimulator
		{D2D9B949-C466-428B-991C-4F259268A6DE}.Release|iPhone.ActiveCfg = Release|iPhone
		{D2D9B949-C466-428B-991C-4F259268A6DE}.Release|iPhone.Build.0 = Release|iPhone
		{D2D9B949-C466-428B-991C-4F259268A6DE}.Release|iPhoneSimulator.ActiveCfg = Release|iPhoneSimulator
		{D2D9B949-C466-428B-991C-4F259268A6DE}.Release|iPhoneSimulator.Build.0 = Release|iPhoneSimulator
		{D2D9B949-C466-428B-991C-4F259268A6DE}.Debug|iPhone.ActiveCfg = Debug|iPhone
		{D2D9B949-C466-428B-991C-4F259268A6DE}.Debug|iPhone.Build.0 = Debug|iPhone
		{88F13B3C-2170-47EE-A979-37CCFCC163D9}.Debug|Any CPU.ActiveCfg = Debug|Any CPU
		{88F13B3C-2170-47EE-A979-37CCFCC163D9}.Debug|Any CPU.Build.0 = Debug|Any CPU
		{88F13B3C-2170-47EE-A979-37CCFCC163D9}.Release|Any CPU.ActiveCfg = Release|Any CPU
		{88F13B3C-2170-47EE-A979-37CCFCC163D9}.Release|Any CPU.Build.0 = Release|Any CPU
		{88F13B3C-2170-47EE-A979-37CCFCC163D9}.Debug|iPhoneSimulator.ActiveCfg = Debug|Any CPU
		{88F13B3C-2170-47EE-A979-37CCFCC163D9}.Debug|iPhoneSimulator.Build.0 = Debug|Any CPU
		{88F13B3C-2170-47EE-A979-37CCFCC163D9}.Release|iPhone.ActiveCfg = Release|Any CPU
		{88F13B3C-2170-47EE-A979-37CCFCC163D9}.Release|iPhone.Build.0 = Release|Any CPU
		{88F13B3C-2170-47EE-A979-37CCFCC163D9}.Release|iPhoneSimulator.ActiveCfg = Release|Any CPU
		{88F13B3C-2170-47EE-A979-37CCFCC163D9}.Release|iPhoneSimulator.Build.0 = Release|Any CPU
		{88F13B3C-2170-47EE-A979-37CCFCC163D9}.Debug|iPhone.ActiveCfg = Debug|Any CPU
		{88F13B3C-2170-47EE-A979-37CCFCC163D9}.Debug|iPhone.Build.0 = Debug|Any CPU
	EndGlobalSection
EndGlobal
